// !$*UTF8*$!
{
	archiveVersion = 1;
	classes = {
	};
	objectVersion = 56;
	objects = {

/* Begin PBXBuildFile section */
		402464AA2A2C607A00FC0584 /* CreateTrackerPresenter.swift in Sources */ = {isa = PBXBuildFile; fileRef = 402464A92A2C607A00FC0584 /* CreateTrackerPresenter.swift */; };
		402464AD2A2C614200FC0584 /* CreateTrackerViewControllerProtocol.swift in Sources */ = {isa = PBXBuildFile; fileRef = 402464AC2A2C614200FC0584 /* CreateTrackerViewControllerProtocol.swift */; };
		402464AF2A2C61DF00FC0584 /* CreateTrackerPresenterProtocol.swift in Sources */ = {isa = PBXBuildFile; fileRef = 402464AE2A2C61DF00FC0584 /* CreateTrackerPresenterProtocol.swift */; };
		4039FD642A2DAAE900177F49 /* GreatTrackerControllerDelegate.swift in Sources */ = {isa = PBXBuildFile; fileRef = 4039FD632A2DAAE900177F49 /* GreatTrackerControllerDelegate.swift */; };
		404E71B02A239A1000627315 /* CreateTrackerTableViewCell.swift in Sources */ = {isa = PBXBuildFile; fileRef = 404E71AF2A239A1000627315 /* CreateTrackerTableViewCell.swift */; };
		40603BB92A205D50005C1C64 /* ChooseTypeOfTrackerViewController.swift in Sources */ = {isa = PBXBuildFile; fileRef = 40603BB82A205D50005C1C64 /* ChooseTypeOfTrackerViewController.swift */; };
		40603BC02A206B0E005C1C64 /* CreateTrackerViewController.swift in Sources */ = {isa = PBXBuildFile; fileRef = 40603BBF2A206B0E005C1C64 /* CreateTrackerViewController.swift */; };
		406BEB9F2A2C364400AA00CF /* SсheduleViewController.swift in Sources */ = {isa = PBXBuildFile; fileRef = 406BEB9E2A2C364400AA00CF /* SсheduleViewController.swift */; };
		406BEBA12A2C3BBB00AA00CF /* BaseTitleLabel.swift in Sources */ = {isa = PBXBuildFile; fileRef = 406BEBA02A2C3BBB00AA00CF /* BaseTitleLabel.swift */; };
		406BEBA42A2C414400AA00CF /* ScheduleTableViewCell.swift in Sources */ = {isa = PBXBuildFile; fileRef = 406BEBA32A2C414400AA00CF /* ScheduleTableViewCell.swift */; };
		406BEBA62A2C4ACA00AA00CF /* CategoryViewController.swift in Sources */ = {isa = PBXBuildFile; fileRef = 406BEBA52A2C4ACA00AA00CF /* CategoryViewController.swift */; };
		406C5A182A1F1E960036A47D /* R.swift in Sources */ = {isa = PBXBuildFile; fileRef = 406C5A172A1F1E960036A47D /* R.swift */; };
		406C5A1A2A1F1EAA0036A47D /* UIColor + ext.swift in Sources */ = {isa = PBXBuildFile; fileRef = 406C5A192A1F1EAA0036A47D /* UIColor + ext.swift */; };
		406E37CD2A38868400DC291B /* Date + ext.swift in Sources */ = {isa = PBXBuildFile; fileRef = 406E37CC2A38868400DC291B /* Date + ext.swift */; };
		408115F32A2C85F2006153BC /* Storage.swift in Sources */ = {isa = PBXBuildFile; fileRef = 408115F22A2C85F2006153BC /* Storage.swift */; };
		408115F72A2C9709006153BC /* ScheduleViewControllerCellDelegateProtocol.swift in Sources */ = {isa = PBXBuildFile; fileRef = 408115F62A2C9709006153BC /* ScheduleViewControllerCellDelegateProtocol.swift */; };
		408115F92A2CBDCE006153BC /* TrackersCollectionViewCell.swift in Sources */ = {isa = PBXBuildFile; fileRef = 408115F82A2CBDCE006153BC /* TrackersCollectionViewCell.swift */; };
		40BC62332A1F8C2500F184F2 /* TrackerCategory.swift in Sources */ = {isa = PBXBuildFile; fileRef = 40BC62322A1F8C2500F184F2 /* TrackerCategory.swift */; };
		40BC62352A1F8C5100F184F2 /* Tracker.swift in Sources */ = {isa = PBXBuildFile; fileRef = 40BC62342A1F8C5100F184F2 /* Tracker.swift */; };
		40BC62372A1F8C6B00F184F2 /* TrackerRecord.swift in Sources */ = {isa = PBXBuildFile; fileRef = 40BC62362A1F8C6B00F184F2 /* TrackerRecord.swift */; };
		40BC623D2A1FAFAF00F184F2 /* BaseBlackButton.swift in Sources */ = {isa = PBXBuildFile; fileRef = 40BC623C2A1FAFAF00F184F2 /* BaseBlackButton.swift */; };
		40CAE28F2A1629460024000B /* AppDelegate.swift in Sources */ = {isa = PBXBuildFile; fileRef = 40CAE28E2A1629460024000B /* AppDelegate.swift */; };
		40CAE2912A1629460024000B /* SceneDelegate.swift in Sources */ = {isa = PBXBuildFile; fileRef = 40CAE2902A1629460024000B /* SceneDelegate.swift */; };
		40CAE2932A1629460024000B /* TrackersViewController.swift in Sources */ = {isa = PBXBuildFile; fileRef = 40CAE2922A1629460024000B /* TrackersViewController.swift */; };
		40CAE2982A1629490024000B /* Assets.xcassets in Resources */ = {isa = PBXBuildFile; fileRef = 40CAE2972A1629490024000B /* Assets.xcassets */; };
		40CAE29B2A1629490024000B /* LaunchScreen.storyboard in Resources */ = {isa = PBXBuildFile; fileRef = 40CAE2992A1629490024000B /* LaunchScreen.storyboard */; };
		40CDB1102A2704E700466A70 /* CreateTrackerSupplementaryView.swift in Sources */ = {isa = PBXBuildFile; fileRef = 40CDB10F2A2704E700466A70 /* CreateTrackerSupplementaryView.swift */; };
		40DBE6AB2A31A98800B3DA14 /* ChooseTypeOfTrackerPresenter.swift in Sources */ = {isa = PBXBuildFile; fileRef = 40DBE6AA2A31A98800B3DA14 /* ChooseTypeOfTrackerPresenter.swift */; };
		40DBE6AE2A31A9A600B3DA14 /* ChooseTypeOfTrackerViewControllerProtocol.swift in Sources */ = {isa = PBXBuildFile; fileRef = 40DBE6AD2A31A9A600B3DA14 /* ChooseTypeOfTrackerViewControllerProtocol.swift */; };
		40DBE6B02A31A9B900B3DA14 /* ChooseTypeOfTrackerPresenterProtocol.swift in Sources */ = {isa = PBXBuildFile; fileRef = 40DBE6AF2A31A9B900B3DA14 /* ChooseTypeOfTrackerPresenterProtocol.swift */; };
		40E183B42A2638E0002350B0 /* CreateTrackerCollectionViewCell.swift in Sources */ = {isa = PBXBuildFile; fileRef = 40E183B32A2638E0002350B0 /* CreateTrackerCollectionViewCell.swift */; };
		40E1F1D92A1F6221009B439D /* TabBarController.swift in Sources */ = {isa = PBXBuildFile; fileRef = 40E1F1D82A1F6221009B439D /* TabBarController.swift */; };
		40E1F1DD2A1F65C0009B439D /* StatisticViewController.swift in Sources */ = {isa = PBXBuildFile; fileRef = 40E1F1DC2A1F65C0009B439D /* StatisticViewController.swift */; };
		40E1F1DF2A1F6BDF009B439D /* UIView + ext.swift in Sources */ = {isa = PBXBuildFile; fileRef = 40E1F1DE2A1F6BDF009B439D /* UIView + ext.swift */; };
		40E1F1E22A1F767F009B439D /* TrackersNavBar.swift in Sources */ = {isa = PBXBuildFile; fileRef = 40E1F1E12A1F767F009B439D /* TrackersNavBar.swift */; };
		40E994F12A2D894D00CD9814 /* TrackersCollectionSupplementaryView.swift in Sources */ = {isa = PBXBuildFile; fileRef = 40E994F02A2D894D00CD9814 /* TrackersCollectionSupplementaryView.swift */; };
		40E994F32A2D8DC900CD9814 /* TrackersPresenter.swift in Sources */ = {isa = PBXBuildFile; fileRef = 40E994F22A2D8DC900CD9814 /* TrackersPresenter.swift */; };
		40E994F62A2D8E0A00CD9814 /* TrackersPresenterProtocol.swift in Sources */ = {isa = PBXBuildFile; fileRef = 40E994F52A2D8E0A00CD9814 /* TrackersPresenterProtocol.swift */; };
		40E994F82A2D8E3200CD9814 /* TrackersViewControllerProtocol.swift in Sources */ = {isa = PBXBuildFile; fileRef = 40E994F72A2D8E3200CD9814 /* TrackersViewControllerProtocol.swift */; };
/* End PBXBuildFile section */

/* Begin PBXFileReference section */
		402464A92A2C607A00FC0584 /* CreateTrackerPresenter.swift */ = {isa = PBXFileReference; lastKnownFileType = sourcecode.swift; path = CreateTrackerPresenter.swift; sourceTree = "<group>"; };
		402464AC2A2C614200FC0584 /* CreateTrackerViewControllerProtocol.swift */ = {isa = PBXFileReference; lastKnownFileType = sourcecode.swift; path = CreateTrackerViewControllerProtocol.swift; sourceTree = "<group>"; };
		402464AE2A2C61DF00FC0584 /* CreateTrackerPresenterProtocol.swift */ = {isa = PBXFileReference; lastKnownFileType = sourcecode.swift; path = CreateTrackerPresenterProtocol.swift; sourceTree = "<group>"; };
		4039FD632A2DAAE900177F49 /* GreatTrackerControllerDelegate.swift */ = {isa = PBXFileReference; lastKnownFileType = sourcecode.swift; path = GreatTrackerControllerDelegate.swift; sourceTree = "<group>"; };
		404E71AF2A239A1000627315 /* CreateTrackerTableViewCell.swift */ = {isa = PBXFileReference; lastKnownFileType = sourcecode.swift; path = CreateTrackerTableViewCell.swift; sourceTree = "<group>"; };
		40603BB82A205D50005C1C64 /* ChooseTypeOfTrackerViewController.swift */ = {isa = PBXFileReference; lastKnownFileType = sourcecode.swift; path = ChooseTypeOfTrackerViewController.swift; sourceTree = "<group>"; };
		40603BBF2A206B0E005C1C64 /* CreateTrackerViewController.swift */ = {isa = PBXFileReference; lastKnownFileType = sourcecode.swift; path = CreateTrackerViewController.swift; sourceTree = "<group>"; };
		406BEB9E2A2C364400AA00CF /* SсheduleViewController.swift */ = {isa = PBXFileReference; lastKnownFileType = sourcecode.swift; path = "SсheduleViewController.swift"; sourceTree = "<group>"; };
		406BEBA02A2C3BBB00AA00CF /* BaseTitleLabel.swift */ = {isa = PBXFileReference; lastKnownFileType = sourcecode.swift; path = BaseTitleLabel.swift; sourceTree = "<group>"; };
		406BEBA32A2C414400AA00CF /* ScheduleTableViewCell.swift */ = {isa = PBXFileReference; lastKnownFileType = sourcecode.swift; path = ScheduleTableViewCell.swift; sourceTree = "<group>"; };
		406BEBA52A2C4ACA00AA00CF /* CategoryViewController.swift */ = {isa = PBXFileReference; lastKnownFileType = sourcecode.swift; path = CategoryViewController.swift; sourceTree = "<group>"; };
		406C5A172A1F1E960036A47D /* R.swift */ = {isa = PBXFileReference; lastKnownFileType = sourcecode.swift; path = R.swift; sourceTree = "<group>"; };
		406C5A192A1F1EAA0036A47D /* UIColor + ext.swift */ = {isa = PBXFileReference; lastKnownFileType = sourcecode.swift; path = "UIColor + ext.swift"; sourceTree = "<group>"; };
		406E37CC2A38868400DC291B /* Date + ext.swift */ = {isa = PBXFileReference; lastKnownFileType = sourcecode.swift; path = "Date + ext.swift"; sourceTree = "<group>"; };
		408115F22A2C85F2006153BC /* Storage.swift */ = {isa = PBXFileReference; lastKnownFileType = sourcecode.swift; path = Storage.swift; sourceTree = "<group>"; };
		408115F62A2C9709006153BC /* ScheduleViewControllerCellDelegateProtocol.swift */ = {isa = PBXFileReference; lastKnownFileType = sourcecode.swift; path = ScheduleViewControllerCellDelegateProtocol.swift; sourceTree = "<group>"; };
		408115F82A2CBDCE006153BC /* TrackersCollectionViewCell.swift */ = {isa = PBXFileReference; lastKnownFileType = sourcecode.swift; path = TrackersCollectionViewCell.swift; sourceTree = "<group>"; };
		40BC62322A1F8C2500F184F2 /* TrackerCategory.swift */ = {isa = PBXFileReference; lastKnownFileType = sourcecode.swift; path = TrackerCategory.swift; sourceTree = "<group>"; };
		40BC62342A1F8C5100F184F2 /* Tracker.swift */ = {isa = PBXFileReference; lastKnownFileType = sourcecode.swift; path = Tracker.swift; sourceTree = "<group>"; };
		40BC62362A1F8C6B00F184F2 /* TrackerRecord.swift */ = {isa = PBXFileReference; lastKnownFileType = sourcecode.swift; path = TrackerRecord.swift; sourceTree = "<group>"; };
		40BC623C2A1FAFAF00F184F2 /* BaseBlackButton.swift */ = {isa = PBXFileReference; lastKnownFileType = sourcecode.swift; path = BaseBlackButton.swift; sourceTree = "<group>"; };
		40CAE28B2A1629460024000B /* YPTracker.app */ = {isa = PBXFileReference; explicitFileType = wrapper.application; includeInIndex = 0; path = YPTracker.app; sourceTree = BUILT_PRODUCTS_DIR; };
		40CAE28E2A1629460024000B /* AppDelegate.swift */ = {isa = PBXFileReference; lastKnownFileType = sourcecode.swift; path = AppDelegate.swift; sourceTree = "<group>"; };
		40CAE2902A1629460024000B /* SceneDelegate.swift */ = {isa = PBXFileReference; lastKnownFileType = sourcecode.swift; path = SceneDelegate.swift; sourceTree = "<group>"; };
		40CAE2922A1629460024000B /* TrackersViewController.swift */ = {isa = PBXFileReference; lastKnownFileType = sourcecode.swift; path = TrackersViewController.swift; sourceTree = "<group>"; };
		40CAE2972A1629490024000B /* Assets.xcassets */ = {isa = PBXFileReference; lastKnownFileType = folder.assetcatalog; path = Assets.xcassets; sourceTree = "<group>"; };
		40CAE29A2A1629490024000B /* Base */ = {isa = PBXFileReference; lastKnownFileType = file.storyboard; name = Base; path = Base.lproj/LaunchScreen.storyboard; sourceTree = "<group>"; };
		40CAE29C2A1629490024000B /* Info.plist */ = {isa = PBXFileReference; lastKnownFileType = text.plist.xml; path = Info.plist; sourceTree = "<group>"; };
		40CDB10F2A2704E700466A70 /* CreateTrackerSupplementaryView.swift */ = {isa = PBXFileReference; lastKnownFileType = sourcecode.swift; path = CreateTrackerSupplementaryView.swift; sourceTree = "<group>"; };
		40DBE6AA2A31A98800B3DA14 /* ChooseTypeOfTrackerPresenter.swift */ = {isa = PBXFileReference; lastKnownFileType = sourcecode.swift; path = ChooseTypeOfTrackerPresenter.swift; sourceTree = "<group>"; };
		40DBE6AD2A31A9A600B3DA14 /* ChooseTypeOfTrackerViewControllerProtocol.swift */ = {isa = PBXFileReference; lastKnownFileType = sourcecode.swift; path = ChooseTypeOfTrackerViewControllerProtocol.swift; sourceTree = "<group>"; };
		40DBE6AF2A31A9B900B3DA14 /* ChooseTypeOfTrackerPresenterProtocol.swift */ = {isa = PBXFileReference; lastKnownFileType = sourcecode.swift; path = ChooseTypeOfTrackerPresenterProtocol.swift; sourceTree = "<group>"; };
		40E183B32A2638E0002350B0 /* CreateTrackerCollectionViewCell.swift */ = {isa = PBXFileReference; lastKnownFileType = sourcecode.swift; path = CreateTrackerCollectionViewCell.swift; sourceTree = "<group>"; };
		40E1F1D82A1F6221009B439D /* TabBarController.swift */ = {isa = PBXFileReference; lastKnownFileType = sourcecode.swift; path = TabBarController.swift; sourceTree = "<group>"; };
		40E1F1DC2A1F65C0009B439D /* StatisticViewController.swift */ = {isa = PBXFileReference; lastKnownFileType = sourcecode.swift; path = StatisticViewController.swift; sourceTree = "<group>"; };
		40E1F1DE2A1F6BDF009B439D /* UIView + ext.swift */ = {isa = PBXFileReference; lastKnownFileType = sourcecode.swift; path = "UIView + ext.swift"; sourceTree = "<group>"; };
		40E1F1E12A1F767F009B439D /* TrackersNavBar.swift */ = {isa = PBXFileReference; lastKnownFileType = sourcecode.swift; path = TrackersNavBar.swift; sourceTree = "<group>"; };
		40E994F02A2D894D00CD9814 /* TrackersCollectionSupplementaryView.swift */ = {isa = PBXFileReference; lastKnownFileType = sourcecode.swift; path = TrackersCollectionSupplementaryView.swift; sourceTree = "<group>"; };
		40E994F22A2D8DC900CD9814 /* TrackersPresenter.swift */ = {isa = PBXFileReference; lastKnownFileType = sourcecode.swift; path = TrackersPresenter.swift; sourceTree = "<group>"; };
		40E994F52A2D8E0A00CD9814 /* TrackersPresenterProtocol.swift */ = {isa = PBXFileReference; lastKnownFileType = sourcecode.swift; path = TrackersPresenterProtocol.swift; sourceTree = "<group>"; };
		40E994F72A2D8E3200CD9814 /* TrackersViewControllerProtocol.swift */ = {isa = PBXFileReference; lastKnownFileType = sourcecode.swift; path = TrackersViewControllerProtocol.swift; sourceTree = "<group>"; };
/* End PBXFileReference section */

/* Begin PBXFrameworksBuildPhase section */
		40CAE2882A1629460024000B /* Frameworks */ = {
			isa = PBXFrameworksBuildPhase;
			buildActionMask = 2147483647;
			files = (
			);
			runOnlyForDeploymentPostprocessing = 0;
		};
/* End PBXFrameworksBuildPhase section */

/* Begin PBXGroup section */
		402464A62A2C592000FC0584 /* ChooseTypeOfTrackerViewController */ = {
			isa = PBXGroup;
			children = (
				40DBE6AC2A31A99000B3DA14 /* Protocols */,
				40603BB82A205D50005C1C64 /* ChooseTypeOfTrackerViewController.swift */,
				40DBE6AA2A31A98800B3DA14 /* ChooseTypeOfTrackerPresenter.swift */,
			);
			path = ChooseTypeOfTrackerViewController;
			sourceTree = "<group>";
		};
		402464A72A2C592E00FC0584 /* CreateTrackerViewController */ = {
			isa = PBXGroup;
			children = (
				40603BBF2A206B0E005C1C64 /* CreateTrackerViewController.swift */,
				402464A92A2C607A00FC0584 /* CreateTrackerPresenter.swift */,
				40E183B32A2638E0002350B0 /* CreateTrackerCollectionViewCell.swift */,
				404E71AF2A239A1000627315 /* CreateTrackerTableViewCell.swift */,
				40CDB10F2A2704E700466A70 /* CreateTrackerSupplementaryView.swift */,
				402464AB2A2C60A500FC0584 /* CreateTrackerProtocol */,
			);
			path = CreateTrackerViewController;
			sourceTree = "<group>";
		};
		402464A82A2C593500FC0584 /* CategoryViewController */ = {
			isa = PBXGroup;
			children = (
				406BEBA52A2C4ACA00AA00CF /* CategoryViewController.swift */,
			);
			path = CategoryViewController;
			sourceTree = "<group>";
		};
		402464AB2A2C60A500FC0584 /* CreateTrackerProtocol */ = {
			isa = PBXGroup;
			children = (
				402464AC2A2C614200FC0584 /* CreateTrackerViewControllerProtocol.swift */,
				402464AE2A2C61DF00FC0584 /* CreateTrackerPresenterProtocol.swift */,
				4039FD632A2DAAE900177F49 /* GreatTrackerControllerDelegate.swift */,
			);
			path = CreateTrackerProtocol;
			sourceTree = "<group>";
		};
		40603BBA2A205D76005C1C64 /* TrackerGreatingFlowViewControllers */ = {
			isa = PBXGroup;
			children = (
				402464A62A2C592000FC0584 /* ChooseTypeOfTrackerViewController */,
				402464A72A2C592E00FC0584 /* CreateTrackerViewController */,
				402464A82A2C593500FC0584 /* CategoryViewController */,
				406BEBA22A2C412400AA00CF /* Schedule */,
			);
			path = TrackerGreatingFlowViewControllers;
			sourceTree = "<group>";
		};
		406BEBA22A2C412400AA00CF /* Schedule */ = {
			isa = PBXGroup;
			children = (
				406BEB9E2A2C364400AA00CF /* SсheduleViewController.swift */,
				406BEBA32A2C414400AA00CF /* ScheduleTableViewCell.swift */,
				408115F52A2C96E2006153BC /* ScheduleViewControllerCellDelegateProtocol */,
			);
			path = Schedule;
			sourceTree = "<group>";
		};
		406C5A1B2A1F1ECC0036A47D /* Helpers */ = {
			isa = PBXGroup;
			children = (
				406C5A172A1F1E960036A47D /* R.swift */,
				406C5A1C2A1F1ED60036A47D /* Extensions */,
			);
			path = Helpers;
			sourceTree = "<group>";
		};
		406C5A1C2A1F1ED60036A47D /* Extensions */ = {
			isa = PBXGroup;
			children = (
				406C5A192A1F1EAA0036A47D /* UIColor + ext.swift */,
				40E1F1DE2A1F6BDF009B439D /* UIView + ext.swift */,
				406E37CC2A38868400DC291B /* Date + ext.swift */,
			);
			path = Extensions;
			sourceTree = "<group>";
		};
		408115F42A2C8601006153BC /* MockStorage */ = {
			isa = PBXGroup;
			children = (
				408115F22A2C85F2006153BC /* Storage.swift */,
			);
			path = MockStorage;
			sourceTree = "<group>";
		};
		408115F52A2C96E2006153BC /* ScheduleViewControllerCellDelegateProtocol */ = {
			isa = PBXGroup;
			children = (
				408115F62A2C9709006153BC /* ScheduleViewControllerCellDelegateProtocol.swift */,
			);
			path = ScheduleViewControllerCellDelegateProtocol;
			sourceTree = "<group>";
		};
		40BC62312A1F8C1700F184F2 /* Models */ = {
			isa = PBXGroup;
			children = (
				40BC62342A1F8C5100F184F2 /* Tracker.swift */,
				40BC62322A1F8C2500F184F2 /* TrackerCategory.swift */,
				40BC62362A1F8C6B00F184F2 /* TrackerRecord.swift */,
			);
			path = Models;
			sourceTree = "<group>";
		};
		40BC62382A1F96B100F184F2 /* Application */ = {
			isa = PBXGroup;
			children = (
				40CAE28E2A1629460024000B /* AppDelegate.swift */,
				40CAE2902A1629460024000B /* SceneDelegate.swift */,
			);
			path = Application;
			sourceTree = "<group>";
		};
		40BC62392A1F981500F184F2 /* SupportFiles */ = {
			isa = PBXGroup;
			children = (
				40CAE2992A1629490024000B /* LaunchScreen.storyboard */,
				40CAE2972A1629490024000B /* Assets.xcassets */,
				40CAE29C2A1629490024000B /* Info.plist */,
			);
			path = SupportFiles;
			sourceTree = "<group>";
		};
		40BC623A2A1F982E00F184F2 /* StatisticViewController */ = {
			isa = PBXGroup;
			children = (
				40E1F1DC2A1F65C0009B439D /* StatisticViewController.swift */,
			);
			path = StatisticViewController;
			sourceTree = "<group>";
		};
		40BC623B2A1F9B4C00F184F2 /* TabBarController */ = {
			isa = PBXGroup;
			children = (
				40E1F1D82A1F6221009B439D /* TabBarController.swift */,
			);
			path = TabBarController;
			sourceTree = "<group>";
		};
		40BC623E2A1FAFBC00F184F2 /* Base */ = {
			isa = PBXGroup;
			children = (
				40BC623C2A1FAFAF00F184F2 /* BaseBlackButton.swift */,
				406BEBA02A2C3BBB00AA00CF /* BaseTitleLabel.swift */,
			);
			path = Base;
			sourceTree = "<group>";
		};
		40CAE2822A1629460024000B = {
			isa = PBXGroup;
			children = (
				40CAE28D2A1629460024000B /* YPTracker */,
				40CAE28C2A1629460024000B /* Products */,
			);
			sourceTree = "<group>";
		};
		40CAE28C2A1629460024000B /* Products */ = {
			isa = PBXGroup;
			children = (
				40CAE28B2A1629460024000B /* YPTracker.app */,
			);
			name = Products;
			sourceTree = "<group>";
		};
		40CAE28D2A1629460024000B /* YPTracker */ = {
			isa = PBXGroup;
			children = (
				408115F42A2C8601006153BC /* MockStorage */,
				40E1F1E02A1F7653009B439D /* TrackersViewController */,
				40BC623B2A1F9B4C00F184F2 /* TabBarController */,
				40BC623A2A1F982E00F184F2 /* StatisticViewController */,
				40BC62382A1F96B100F184F2 /* Application */,
				40BC62392A1F981500F184F2 /* SupportFiles */,
				40603BBA2A205D76005C1C64 /* TrackerGreatingFlowViewControllers */,
				40BC623E2A1FAFBC00F184F2 /* Base */,
				406C5A1B2A1F1ECC0036A47D /* Helpers */,
			);
			path = YPTracker;
			sourceTree = "<group>";
		};
		40DBE6AC2A31A99000B3DA14 /* Protocols */ = {
			isa = PBXGroup;
			children = (
				40DBE6AD2A31A9A600B3DA14 /* ChooseTypeOfTrackerViewControllerProtocol.swift */,
				40DBE6AF2A31A9B900B3DA14 /* ChooseTypeOfTrackerPresenterProtocol.swift */,
			);
			path = Protocols;
			sourceTree = "<group>";
		};
		40E1F1E02A1F7653009B439D /* TrackersViewController */ = {
			isa = PBXGroup;
			children = (
				40BC62312A1F8C1700F184F2 /* Models */,
				40CAE2922A1629460024000B /* TrackersViewController.swift */,
				40E994F22A2D8DC900CD9814 /* TrackersPresenter.swift */,
				408115F82A2CBDCE006153BC /* TrackersCollectionViewCell.swift */,
				40E994F02A2D894D00CD9814 /* TrackersCollectionSupplementaryView.swift */,
				40E1F1E12A1F767F009B439D /* TrackersNavBar.swift */,
				40E994F42A2D8DEE00CD9814 /* Protocols */,
			);
			path = TrackersViewController;
			sourceTree = "<group>";
		};
		40E994F42A2D8DEE00CD9814 /* Protocols */ = {
			isa = PBXGroup;
			children = (
				40E994F52A2D8E0A00CD9814 /* TrackersPresenterProtocol.swift */,
				40E994F72A2D8E3200CD9814 /* TrackersViewControllerProtocol.swift */,
			);
			path = Protocols;
			sourceTree = "<group>";
		};
/* End PBXGroup section */

/* Begin PBXNativeTarget section */
		40CAE28A2A1629460024000B /* YPTracker */ = {
			isa = PBXNativeTarget;
			buildConfigurationList = 40CAE29F2A1629490024000B /* Build configuration list for PBXNativeTarget "YPTracker" */;
			buildPhases = (
				40CAE2872A1629460024000B /* Sources */,
				40CAE2882A1629460024000B /* Frameworks */,
				40CAE2892A1629460024000B /* Resources */,
			);
			buildRules = (
			);
			dependencies = (
			);
			name = YPTracker;
			productName = YPTracker;
			productReference = 40CAE28B2A1629460024000B /* YPTracker.app */;
			productType = "com.apple.product-type.application";
		};
/* End PBXNativeTarget section */

/* Begin PBXProject section */
		40CAE2832A1629460024000B /* Project object */ = {
			isa = PBXProject;
			attributes = {
				BuildIndependentTargetsInParallel = 1;
				LastSwiftUpdateCheck = 1430;
				LastUpgradeCheck = 1430;
				TargetAttributes = {
					40CAE28A2A1629460024000B = {
						CreatedOnToolsVersion = 14.3;
					};
				};
			};
			buildConfigurationList = 40CAE2862A1629460024000B /* Build configuration list for PBXProject "YPTracker" */;
			compatibilityVersion = "Xcode 14.0";
			developmentRegion = en;
			hasScannedForEncodings = 0;
			knownRegions = (
				en,
				Base,
			);
			mainGroup = 40CAE2822A1629460024000B;
			productRefGroup = 40CAE28C2A1629460024000B /* Products */;
			projectDirPath = "";
			projectRoot = "";
			targets = (
				40CAE28A2A1629460024000B /* YPTracker */,
			);
		};
/* End PBXProject section */

/* Begin PBXResourcesBuildPhase section */
		40CAE2892A1629460024000B /* Resources */ = {
			isa = PBXResourcesBuildPhase;
			buildActionMask = 2147483647;
			files = (
				40CAE29B2A1629490024000B /* LaunchScreen.storyboard in Resources */,
				40CAE2982A1629490024000B /* Assets.xcassets in Resources */,
			);
			runOnlyForDeploymentPostprocessing = 0;
		};
/* End PBXResourcesBuildPhase section */

/* Begin PBXSourcesBuildPhase section */
		40CAE2872A1629460024000B /* Sources */ = {
			isa = PBXSourcesBuildPhase;
			buildActionMask = 2147483647;
			files = (
				406BEB9F2A2C364400AA00CF /* SсheduleViewController.swift in Sources */,
				40BC623D2A1FAFAF00F184F2 /* BaseBlackButton.swift in Sources */,
				40E183B42A2638E0002350B0 /* CreateTrackerCollectionViewCell.swift in Sources */,
				40DBE6AB2A31A98800B3DA14 /* ChooseTypeOfTrackerPresenter.swift in Sources */,
				406C5A182A1F1E960036A47D /* R.swift in Sources */,
				40CDB1102A2704E700466A70 /* CreateTrackerSupplementaryView.swift in Sources */,
				408115F92A2CBDCE006153BC /* TrackersCollectionViewCell.swift in Sources */,
				402464AD2A2C614200FC0584 /* CreateTrackerViewControllerProtocol.swift in Sources */,
				40CAE2932A1629460024000B /* TrackersViewController.swift in Sources */,
				40E1F1DF2A1F6BDF009B439D /* UIView + ext.swift in Sources */,
				40603BB92A205D50005C1C64 /* ChooseTypeOfTrackerViewController.swift in Sources */,
				406E37CD2A38868400DC291B /* Date + ext.swift in Sources */,
				4039FD642A2DAAE900177F49 /* GreatTrackerControllerDelegate.swift in Sources */,
				40DBE6AE2A31A9A600B3DA14 /* ChooseTypeOfTrackerViewControllerProtocol.swift in Sources */,
				402464AA2A2C607A00FC0584 /* CreateTrackerPresenter.swift in Sources */,
				406BEBA42A2C414400AA00CF /* ScheduleTableViewCell.swift in Sources */,
				406BEBA12A2C3BBB00AA00CF /* BaseTitleLabel.swift in Sources */,
				40E1F1DD2A1F65C0009B439D /* StatisticViewController.swift in Sources */,
				40603BC02A206B0E005C1C64 /* CreateTrackerViewController.swift in Sources */,
				402464AF2A2C61DF00FC0584 /* CreateTrackerPresenterProtocol.swift in Sources */,
				40BC62332A1F8C2500F184F2 /* TrackerCategory.swift in Sources */,
				40BC62372A1F8C6B00F184F2 /* TrackerRecord.swift in Sources */,
				40E1F1E22A1F767F009B439D /* TrackersNavBar.swift in Sources */,
				40BC62352A1F8C5100F184F2 /* Tracker.swift in Sources */,
				40CAE28F2A1629460024000B /* AppDelegate.swift in Sources */,
				40E994F12A2D894D00CD9814 /* TrackersCollectionSupplementaryView.swift in Sources */,
				404E71B02A239A1000627315 /* CreateTrackerTableViewCell.swift in Sources */,
				40E1F1D92A1F6221009B439D /* TabBarController.swift in Sources */,
				406C5A1A2A1F1EAA0036A47D /* UIColor + ext.swift in Sources */,
				408115F72A2C9709006153BC /* ScheduleViewControllerCellDelegateProtocol.swift in Sources */,
				406BEBA62A2C4ACA00AA00CF /* CategoryViewController.swift in Sources */,
				40CAE2912A1629460024000B /* SceneDelegate.swift in Sources */,
				408115F32A2C85F2006153BC /* Storage.swift in Sources */,
				40E994F32A2D8DC900CD9814 /* TrackersPresenter.swift in Sources */,
				40E994F62A2D8E0A00CD9814 /* TrackersPresenterProtocol.swift in Sources */,
				40E994F82A2D8E3200CD9814 /* TrackersViewControllerProtocol.swift in Sources */,
				40DBE6B02A31A9B900B3DA14 /* ChooseTypeOfTrackerPresenterProtocol.swift in Sources */,
			);
			runOnlyForDeploymentPostprocessing = 0;
		};
/* End PBXSourcesBuildPhase section */

/* Begin PBXVariantGroup section */
		40CAE2992A1629490024000B /* LaunchScreen.storyboard */ = {
			isa = PBXVariantGroup;
			children = (
				40CAE29A2A1629490024000B /* Base */,
			);
			name = LaunchScreen.storyboard;
			sourceTree = "<group>";
		};
/* End PBXVariantGroup section */

/* Begin XCBuildConfiguration section */
		40CAE29D2A1629490024000B /* Debug */ = {
			isa = XCBuildConfiguration;
			buildSettings = {
				ALWAYS_SEARCH_USER_PATHS = NO;
				CLANG_ANALYZER_NONNULL = YES;
				CLANG_ANALYZER_NUMBER_OBJECT_CONVERSION = YES_AGGRESSIVE;
				CLANG_CXX_LANGUAGE_STANDARD = "gnu++20";
				CLANG_ENABLE_MODULES = YES;
				CLANG_ENABLE_OBJC_ARC = YES;
				CLANG_ENABLE_OBJC_WEAK = YES;
				CLANG_WARN_BLOCK_CAPTURE_AUTORELEASING = YES;
				CLANG_WARN_BOOL_CONVERSION = YES;
				CLANG_WARN_COMMA = YES;
				CLANG_WARN_CONSTANT_CONVERSION = YES;
				CLANG_WARN_DEPRECATED_OBJC_IMPLEMENTATIONS = YES;
				CLANG_WARN_DIRECT_OBJC_ISA_USAGE = YES_ERROR;
				CLANG_WARN_DOCUMENTATION_COMMENTS = YES;
				CLANG_WARN_EMPTY_BODY = YES;
				CLANG_WARN_ENUM_CONVERSION = YES;
				CLANG_WARN_INFINITE_RECURSION = YES;
				CLANG_WARN_INT_CONVERSION = YES;
				CLANG_WARN_NON_LITERAL_NULL_CONVERSION = YES;
				CLANG_WARN_OBJC_IMPLICIT_RETAIN_SELF = YES;
				CLANG_WARN_OBJC_LITERAL_CONVERSION = YES;
				CLANG_WARN_OBJC_ROOT_CLASS = YES_ERROR;
				CLANG_WARN_QUOTED_INCLUDE_IN_FRAMEWORK_HEADER = YES;
				CLANG_WARN_RANGE_LOOP_ANALYSIS = YES;
				CLANG_WARN_STRICT_PROTOTYPES = YES;
				CLANG_WARN_SUSPICIOUS_MOVE = YES;
				CLANG_WARN_UNGUARDED_AVAILABILITY = YES_AGGRESSIVE;
				CLANG_WARN_UNREACHABLE_CODE = YES;
				CLANG_WARN__DUPLICATE_METHOD_MATCH = YES;
				COPY_PHASE_STRIP = NO;
				DEBUG_INFORMATION_FORMAT = dwarf;
				ENABLE_STRICT_OBJC_MSGSEND = YES;
				ENABLE_TESTABILITY = YES;
				GCC_C_LANGUAGE_STANDARD = gnu11;
				GCC_DYNAMIC_NO_PIC = NO;
				GCC_NO_COMMON_BLOCKS = YES;
				GCC_OPTIMIZATION_LEVEL = 0;
				GCC_PREPROCESSOR_DEFINITIONS = (
					"DEBUG=1",
					"$(inherited)",
				);
				GCC_WARN_64_TO_32_BIT_CONVERSION = YES;
				GCC_WARN_ABOUT_RETURN_TYPE = YES_ERROR;
				GCC_WARN_UNDECLARED_SELECTOR = YES;
				GCC_WARN_UNINITIALIZED_AUTOS = YES_AGGRESSIVE;
				GCC_WARN_UNUSED_FUNCTION = YES;
				GCC_WARN_UNUSED_VARIABLE = YES;
				IPHONEOS_DEPLOYMENT_TARGET = 16.4;
				MTL_ENABLE_DEBUG_INFO = INCLUDE_SOURCE;
				MTL_FAST_MATH = YES;
				ONLY_ACTIVE_ARCH = YES;
				SDKROOT = iphoneos;
				SWIFT_ACTIVE_COMPILATION_CONDITIONS = DEBUG;
				SWIFT_OPTIMIZATION_LEVEL = "-Onone";
			};
			name = Debug;
		};
		40CAE29E2A1629490024000B /* Release */ = {
			isa = XCBuildConfiguration;
			buildSettings = {
				ALWAYS_SEARCH_USER_PATHS = NO;
				CLANG_ANALYZER_NONNULL = YES;
				CLANG_ANALYZER_NUMBER_OBJECT_CONVERSION = YES_AGGRESSIVE;
				CLANG_CXX_LANGUAGE_STANDARD = "gnu++20";
				CLANG_ENABLE_MODULES = YES;
				CLANG_ENABLE_OBJC_ARC = YES;
				CLANG_ENABLE_OBJC_WEAK = YES;
				CLANG_WARN_BLOCK_CAPTURE_AUTORELEASING = YES;
				CLANG_WARN_BOOL_CONVERSION = YES;
				CLANG_WARN_COMMA = YES;
				CLANG_WARN_CONSTANT_CONVERSION = YES;
				CLANG_WARN_DEPRECATED_OBJC_IMPLEMENTATIONS = YES;
				CLANG_WARN_DIRECT_OBJC_ISA_USAGE = YES_ERROR;
				CLANG_WARN_DOCUMENTATION_COMMENTS = YES;
				CLANG_WARN_EMPTY_BODY = YES;
				CLANG_WARN_ENUM_CONVERSION = YES;
				CLANG_WARN_INFINITE_RECURSION = YES;
				CLANG_WARN_INT_CONVERSION = YES;
				CLANG_WARN_NON_LITERAL_NULL_CONVERSION = YES;
				CLANG_WARN_OBJC_IMPLICIT_RETAIN_SELF = YES;
				CLANG_WARN_OBJC_LITERAL_CONVERSION = YES;
				CLANG_WARN_OBJC_ROOT_CLASS = YES_ERROR;
				CLANG_WARN_QUOTED_INCLUDE_IN_FRAMEWORK_HEADER = YES;
				CLANG_WARN_RANGE_LOOP_ANALYSIS = YES;
				CLANG_WARN_STRICT_PROTOTYPES = YES;
				CLANG_WARN_SUSPICIOUS_MOVE = YES;
				CLANG_WARN_UNGUARDED_AVAILABILITY = YES_AGGRESSIVE;
				CLANG_WARN_UNREACHABLE_CODE = YES;
				CLANG_WARN__DUPLICATE_METHOD_MATCH = YES;
				COPY_PHASE_STRIP = NO;
				DEBUG_INFORMATION_FORMAT = "dwarf-with-dsym";
				ENABLE_NS_ASSERTIONS = NO;
				ENABLE_STRICT_OBJC_MSGSEND = YES;
				GCC_C_LANGUAGE_STANDARD = gnu11;
				GCC_NO_COMMON_BLOCKS = YES;
				GCC_WARN_64_TO_32_BIT_CONVERSION = YES;
				GCC_WARN_ABOUT_RETURN_TYPE = YES_ERROR;
				GCC_WARN_UNDECLARED_SELECTOR = YES;
				GCC_WARN_UNINITIALIZED_AUTOS = YES_AGGRESSIVE;
				GCC_WARN_UNUSED_FUNCTION = YES;
				GCC_WARN_UNUSED_VARIABLE = YES;
				IPHONEOS_DEPLOYMENT_TARGET = 16.4;
				MTL_ENABLE_DEBUG_INFO = NO;
				MTL_FAST_MATH = YES;
				SDKROOT = iphoneos;
				SWIFT_COMPILATION_MODE = wholemodule;
				SWIFT_OPTIMIZATION_LEVEL = "-O";
				VALIDATE_PRODUCT = YES;
			};
			name = Release;
		};
		40CAE2A02A1629490024000B /* Debug */ = {
			isa = XCBuildConfiguration;
			buildSettings = {
				ASSETCATALOG_COMPILER_APPICON_NAME = AppIcon;
				ASSETCATALOG_COMPILER_GLOBAL_ACCENT_COLOR_NAME = AccentColor;
				CODE_SIGN_STYLE = Automatic;
				CURRENT_PROJECT_VERSION = 1;
				GENERATE_INFOPLIST_FILE = YES;
				INFOPLIST_FILE = YPTracker/SupportFiles/Info.plist;
				INFOPLIST_KEY_UIApplicationSupportsIndirectInputEvents = YES;
				INFOPLIST_KEY_UILaunchStoryboardName = LaunchScreen;
				INFOPLIST_KEY_UISupportedInterfaceOrientations = UIInterfaceOrientationPortrait;
				INFOPLIST_KEY_UISupportedInterfaceOrientations_iPad = "UIInterfaceOrientationLandscapeLeft UIInterfaceOrientationLandscapeRight UIInterfaceOrientationPortrait UIInterfaceOrientationPortraitUpsideDown";
				IPHONEOS_DEPLOYMENT_TARGET = 13.4;
				LD_RUNPATH_SEARCH_PATHS = (
					"$(inherited)",
					"@executable_path/Frameworks",
				);
				MARKETING_VERSION = 1.0;
				PRODUCT_BUNDLE_IDENTIFIER = "ru.georgiy-N.YPTracker";
				PRODUCT_NAME = "$(TARGET_NAME)";
				SUPPORTED_PLATFORMS = "iphoneos iphonesimulator";
				SUPPORTS_MACCATALYST = NO;
				SUPPORTS_MAC_DESIGNED_FOR_IPHONE_IPAD = NO;
				SWIFT_EMIT_LOC_STRINGS = YES;
				SWIFT_VERSION = 5.0;
				TARGETED_DEVICE_FAMILY = 1;
			};
			name = Debug;
		};
		40CAE2A12A1629490024000B /* Release */ = {
			isa = XCBuildConfiguration;
			buildSettings = {
				ASSETCATALOG_COMPILER_APPICON_NAME = AppIcon;
				ASSETCATALOG_COMPILER_GLOBAL_ACCENT_COLOR_NAME = AccentColor;
				CODE_SIGN_STYLE = Automatic;
				CURRENT_PROJECT_VERSION = 1;
				GENERATE_INFOPLIST_FILE = YES;
				INFOPLIST_FILE = YPTracker/SupportFiles/Info.plist;
				INFOPLIST_KEY_UIApplicationSupportsIndirectInputEvents = YES;
				INFOPLIST_KEY_UILaunchStoryboardName = LaunchScreen;
				INFOPLIST_KEY_UISupportedInterfaceOrientations = UIInterfaceOrientationPortrait;
				INFOPLIST_KEY_UISupportedInterfaceOrientations_iPad = "UIInterfaceOrientationLandscapeLeft UIInterfaceOrientationLandscapeRight UIInterfaceOrientationPortrait UIInterfaceOrientationPortraitUpsideDown";
				IPHONEOS_DEPLOYMENT_TARGET = 13.4;
				LD_RUNPATH_SEARCH_PATHS = (
					"$(inherited)",
					"@executable_path/Frameworks",
				);
				MARKETING_VERSION = 1.0;
				PRODUCT_BUNDLE_IDENTIFIER = "ru.georgiy-N.YPTracker";
				PRODUCT_NAME = "$(TARGET_NAME)";
				SUPPORTED_PLATFORMS = "iphoneos iphonesimulator";
				SUPPORTS_MACCATALYST = NO;
				SUPPORTS_MAC_DESIGNED_FOR_IPHONE_IPAD = NO;
				SWIFT_EMIT_LOC_STRINGS = YES;
				SWIFT_VERSION = 5.0;
				TARGETED_DEVICE_FAMILY = 1;
			};
			name = Release;
		};
/* End XCBuildConfiguration section */

/* Begin XCConfigurationList section */
		40CAE2862A1629460024000B /* Build configuration list for PBXProject "YPTracker" */ = {
			isa = XCConfigurationList;
			buildConfigurations = (
				40CAE29D2A1629490024000B /* Debug */,
				40CAE29E2A1629490024000B /* Release */,
			);
			defaultConfigurationIsVisible = 0;
			defaultConfigurationName = Release;
		};
		40CAE29F2A1629490024000B /* Build configuration list for PBXNativeTarget "YPTracker" */ = {
			isa = XCConfigurationList;
			buildConfigurations = (
				40CAE2A02A1629490024000B /* Debug */,
				40CAE2A12A1629490024000B /* Release */,
			);
			defaultConfigurationIsVisible = 0;
			defaultConfigurationName = Release;
		};
/* End XCConfigurationList section */
	};
	rootObject = 40CAE2832A1629460024000B /* Project object */;
}
